charm.land/bubbles/v2 v2.2.1 h1:Fq1+qm5hV6GkvzLQDhCBpXXE5tLgvh1PRriCLwSvIQU=
charm.land/bubbles/v2 v2.2.1/go.mod h1:wdMgn+sje1KNXdwFizIWjbf328fIUBxqEmJ/vYPo8yc=
charm.land/bubbletea/v2 v2.0.10 h1:oolvo20VBpI0PfqE7iFjkZ1bx0WpmXGfnKz5Yldjq5o=
charm.land/bubbletea/v2 v2.0.10/go.mod h1:QOatcnhOjYIfxzUSTz6raF7Ex4R/rIuHa3SnBdCCpMc=
charm.land/lipgloss/v2 v2.0.6 h1:EaGKeuA8FvF+v2BT5VmZd2LoYLaMZJXA5n34th8nCIQ=
charm.land/lipgloss/v2 v2.0.6/go.mod h1:ipDDJNSGa1hlwDtSfW1s2/xR8Vdhbut4PXh2zEKZd0Q=
github.com/Masterminds/semver/v3 v3.5.0 h1:kQceYJfbupGfZOKZQg0kou0DgAKhzDg2NZPAwZ/2OOE=
github.com/Masterminds/semver/v3 v3.5.0/go.mod h1:4V+yj/TJE1HU9XfppCwVMZq3I84lprf4nC11bSS5beM=
github.com/antonmedv/clipboard v1.0.1 h1:z9rRBhSKt4lDb6uNcMykUmNbspk/6v07JeiTaOfYYOY=
github.com/antonmedv/clipboard v1.0.1/go.mod h1:3jcOUCdraVHehZaOsMaJZoE92MxURt5fovC1gDAiZ2s=
github.com/atotto/clipboard v0.1.4 h1:EH0zSVneZPSuFR11BlR9YppQTVDbh5+16AmcJi4g1z4=
github.com/atotto/clipboard v0.1.4/go.mod h1:ZY9tmq7sm5xIbd9bOK4onWV4S6X0u6GY7Vn0Yu86PYI=
github.com/aymanbagabas/go-udiff v0.4.1 h1:OEIrQ8maEeDBXQDoGCbbTTXYJMYRCRO1fnodZ12Gv5o=
github.com/aymanbagabas/go-udiff v0.4.1/go.mod h1:0L9PGwj20lrtmEMeyw4WKJ/TMyDtvAoK9bf2u/mNo3w=
github.com/charmbracelet/colorprofile v0.4.3 h1:QPa1IWkYI+AOB+fE+mg/5/4HRMZcaXex9t5KX76i20Q=
github.com/charmbracelet/colorprofile v0.4.3/go.mod h1:/zT4BhpD5aGFpqQQqw7a+VtHCzu+zrQtt1zhMt9mR4Q=
github.com/charmbracelet/ultraviolet v0.0.0-20260811164956-006e29f97886 h1:rdnVWKgJpTVXKuKuJyxDJ+NFJdUaUqGvyGy61OcvlbA=
github.com/charmbracelet/ultraviolet v0.0.0-20260811164956-006e29f97886/go.mod h1:nAw0d9PhFp1qdzi2xhQU5YOu5sVpDIHWlaW2Uz/bCro=
github.com/charmbracelet/x/ansi v0.11.8 h1:JMFwp0CgDC2+jcOB162HH5k7I3FVbgFSMMYg7dSPBQQ=
github.com/charmbracelet/x/ansi v0.11.8/go.mod h1:ZNN+3mXny/516oTQPLMPIBeSINvNJJQ8uQXDgbeJxY0=
github.com/charmbracelet/x/exp/golden v0.1.0 h1:qgUxGaHX4I8Fg077vD+54+qFmDWrgO19lTCQLblHWko=
github.com/charmbracelet/x/exp/golden v0.1.0/go.mod h1:6fMpcW6iwN/kX+xJ52eqVWsDiBTe0UJD24JLoHFe+P0=
github.com/charmbracelet/x/exp/teatest/v2 v2.0.0-20260927004216-9c77d672503d h1:9aGB2Xfhn7jz/G2P2g0FQAd5FdtzPACWZUVue6IR3oY=
github.com/charmbracelet/x/exp/teatest/v2 v2.0.0-20260927004216-9c77d672503d/go.mod h1:aRoQwQWmN9LBG2xi3sVByMFt2fdkPCagd0GAJ1qwOfw=
github.com/charmbracelet/x/term v0.2.2 h1:xVRT/S2ZcKdhhOuSP4t5cLi5o+JxklsoEObBSgfgZRk=
github.com/charmbracelet/x/term v0.2.2/go.mod h1:kF8CY5RddLWrsgVwpw4kAa6TESp6EB5y3uxGLeCqzAI=
github.com/charmbracelet/x/termios v0.1.1 h1:o3Q2bT8eqzGnGPOYheoYS8eEleT5ZVNYNy8JawjaNZY=
github.com/charmbracelet/x/termios v0.1.1/go.mod h1:rB7fnv1TgOPOyyKRJ9o+AsTU/vK5WHJ2ivHeut/Pcwo=
github.com/charmbracelet/x/windows v0.2.2 h1:IofanmuvaxnKHuV04sC0eBy/smG6kIKrWG2/jYn2GuM=
github.com/charmbracelet/x/windows v0.2.2/go.mod h1:/8XtdKZzedat74NQFn0NGlGL4soHB0YQZrETF96h75k=
github.com/clipperhouse/displaywidth v0.11.0 h1:lBc6kY44VFw+TDx4I8opi/EtL9m20WSEFgwIwO+UVM8=
github.com/clipperhouse/displaywidth v0.11.0/go.mod h1:bkrFNkf81G8HyVqmKGxsPufD3JhNl3dSqnGhOoSD/o0=
github.com/clipperhouse/uax29/v2 v2.7.0 h1:+gs4oBZ2gPfVrKPthwbMzWZDaAFPGYK72F0NJv2v7Vk=
github.com/clipperhouse/uax29/v2 v2.7.0/go.mod h1:EFJ2TJMRUaplDxHKj1qAEhCtQPW2tJSwu5BF98AuoVM=
github.com/dlclark/regexp2/v2 v2.8.0 h1:CekDhPLGfm+GAJmPVFIG+5dqMIQPkyHJll7BbdneDfw=
github.com/dlclark/regexp2/v2 v2.8.0/go.mod h1:avUrQvPaLz2DrFNHJF0taWAFFX2C1GMSSoeiqFjcBmU=
github.com/dop251/goja v0.0.0-20260926152631-39ec2650adc9 h1:Ksd3Vil12b/ykT5NjGzd3qNc688cJB9OUXJZZChEktI=
github.com/dop251/goja v0.0.0-20260926152631-39ec2650adc9/go.mod h1:u8yZRUavu+N4EnFFy6J5fVtjE7lEcZ2YyV2GcBXY9c8=
github.com/go-sourcemap/sourcemap v2.1.4+incompatible h1:a+iTbH5auLKxaNwQFg0B+TCYl6lbukKPc7b5x0n1s6Q=
github.com/go-sourcemap/sourcemap v2.1.4+incompatible/go.mod h1:F8jJfvm2KbVjc5NqelyYJmf/v5J0dwNLS2mL4sNA1Jg=
github.com/goccy/go-yaml v1.19.2 h1:PmFC1S6h8ljIz6gMRBopkjP1TVT7xuwrButHID66PoM=
github.com/goccy/go-yaml v1.19.2/go.mod h1:XBurs7gK8ATbW4ZPGKgcbrY1Br56PdM69F7LkFRi1kA=
github.com/google/pprof v0.0.0-20260926063103-aaccee046517 h1:joNby64wfCIWh0HXBMrjZc6ii70nntnG9u3CQSXXwiA=
github.com/google/pprof v0.0.0-20260926063103-aaccee046517/go.mod h1:jl5iWTm0/hd5PjEYEOuwAJ57L/CibdZfrqZ5XA5GrCk=
github.com/lucasb-eyer/go-colorful v1.4.1 h1:1EO+WB73+EH8EVbzlrG3KLAfEypQWVHIBqlTf+2hNss=
github.com/lucasb-eyer/go-colorful v1.4.1/go.mod h1:R4dSotOR9KMtayYi1e77YzuveK+i7ruzyGqttikkLy0=
github.com/maml-dev/go-maml v1.0.1 h1:9KBFNO54txTe3L+NDjOnBv7s+ore6mOSFTopkA9HbSQ=
github.com/maml-dev/go-maml v1.0.1/go.mod h1:OH7jPahbrKTADH55xmF6F/KnaDp6nYIq6WYiNCqVjSs=
github.com/mattn/go-isatty v0.0.24 h1:tGZZoVgT/KiqK1c8ocVLeDS8BSWMRd47J3Lbz7vsReI=
github.com/mattn/go-isatty v0.0.24/go.mod h1:nMCL3Zebbrt45jsMDgnfIwz6ydEQApk5oEI3HqDio6A=
github.com/mattn/go-runewidth v0.0.30 h1:+KUuiDA4fF0R1p5FeueHefjDm+GIM+kWfFnDjybOPgk=
github.com/mattn/go-runewidth v0.0.30/go.mod h1:3qAiGCV4Koz/yuveO58qUefmUTRm8r0IGEXZ9jeHp/8=
github.com/muesli/cancelreader v0.2.2 h1:3I4Kt4BQjOR54NavqnDogx/MIoWBFa0StPA8ELUXHmA=
github.com/muesli/cancelreader v0.2.2/go.mod h1:3XuTXfFS2VjM+HTLZY9Ak0l6eUKfijIfMUZ4EgX0QYo=
github.com/nfnt/resize v0.0.0-20180221191011-83c6a9932646 h1:zYyBkD/k9seD2A7fsi6Oo2LfFZAehjjQMERAvZLEDnQ=
github.com/nfnt/resize v0.0.0-20180221191011-83c6a9932646/go.mod h1:jpp1/29i3P1S/RLdc7JQKbRpFeM1dOBd8T9ki5s+AY8=
github.com/pelletier/go-toml/v2 v2.4.3 h1:GTRvJQutkOSftxIFD5xw9aepkYNuPWmVJpffdDPYVpY=
github.com/pelletier/go-toml/v2 v2.4.3/go.mod h1:2gIqNv+qfxSVS7cM2xJQKtLSTLUE9V8t9Stt+h56mCY=
github.com/rivo/uniseg v0.4.7 h1:WUdvkW8uEhrYfLC4ZzdpI2ztxP1I582+49Oc5Mq64VQ=
github.com/rivo/uniseg v0.4.7/go.mod h1:FN3SvrM+Zdj16jyLfmOkMNblXMcoc8DfTHruCPUcx88=
github.com/stretchr/testify v1.12.1 h1:EuwCh5fleGS7H32xRwO3wRGT7DxrDhLAT6FF8MpWDWE=
github.com/stretchr/testify v1.12.1/go.mod h1:MDEgiDPPsNp5cuIrHPPCyornHKgEVbtFUmoNlxoYthg=
github.com/xo/terminfo v1.2.0 h1:d0ZTOCpuGE0lwSAOs0zcJjwz3jWQyqcRt9XbGJpCOl4=
github.com/xo/terminfo v1.2.0/go.mod h1:lGzkSo8Fe7IRh/w+Gqz7n5mDog4FVXCj3gy/DYTBqio=
go.yaml.in/yaml/v3 v3.0.5 h1:N6y/pJk8buWs9NY5ERU2HSMfm+IuD/OtfdAnq6kESPw=
go.yaml.in/yaml/v3 v3.0.5/go.mod h1:HVTZu1O7/Vkt2N+BFy8Zza+lnLsABggaTM2ZpNIGuKg=
golang.org/x/net v0.52.0 h1:He/TN1l0e4mmR3QqHMT2Xab3Aj3L9qjbhRm78/6jrW0=
golang.org/x/net v0.52.0/go.mod h1:R1MAz7uMZxVMualyPXb+VaqGSa3LIaUqk0eEt3w36Sw=
golang.org/x/sync v0.23.0 h1:KameEIfc1IkluZyXWLn39Wd4tURc6GbCiISGiZm2bQk=
golang.org/x/sync v0.23.0/go.mod h1:sUUOizhqBxiL6pEWpqNLUiaJn1ShEbZ6BBqskPbjZm0=
golang.org/x/sys v0.48.0 h1:bbX/i/6MgT9BVLM9RT1thmxL04yeTAhbEz4SyadbXoo=
golang.org/x/sys v0.48.0/go.mod h1:hNLxWAXmnKAxqDtdwIYC4bM9oQPEecfsnNMuSxOs3og=
golang.org/x/text v0.42.0 h1:JbOZXgfeCPU9gacVtYliJqOhD+zhrEqK4LfdpmlUZqI=
golang.org/x/text v0.42.0/go.mod h1:ojzP1Z+2QtioaF8DTtO8K5q7JWVVYwZKenzujK0Zd0E=
